
Microsoft Visual Studio Solution File, Format Version 12.00
# Visual Studio Version 16
VisualStudioVersion = 16.0.30114.105
MinimumVisualStudioVersion = 10.0.40219.1
Project("{FAE04EC0-301F-11D3-BF4B-00C04F79EFBC}") = "WebApplicationTest1", "WebApplicationTest1\WebApplicationTest1.csproj", "{E7AF1A98-9779-4007-B3FE-8534982DAE16}"
EndProject
Global
	GlobalSection(SolutionConfigurationPlatforms) = preSolution
		Debug|Any CPU = Debug|Any CPU
		Release|Any CPU = Release|Any CPU
	EndGlobalSection
	GlobalSection(ProjectConfigurationPlatforms) = postSolution
		{E7AF1A98-9779-4007-B3FE-8534982DAE16}.Debug|Any CPU.ActiveCfg = Debug|Any CPU
		{E7AF1A98-9779-4007-B3FE-8534982DAE16}.Debug|Any CPU.Build.0 = Debug|Any CPU
		{E7AF1A98-9779-4007-B3FE-8534982DAE16}.Release|Any CPU.ActiveCfg = Release|Any CPU
		{E7AF1A98-9779-4007-B3FE-8534982DAE16}.Release|Any CPU.Build.0 = Release|Any CPU
	EndGlobalSection
	GlobalSection(SolutionProperties) = preSolution
		HideSolutionNode = FALSE
	EndGlobalSection
	GlobalSection(ExtensibilityGlobals) = postSolution
		SolutionGuid = {8175AE49-0F60-47E2-AAE5-F2C2B1FBAF2E}
	EndGlobalSection
EndGlobal
